
Microsoft Visual Studio Solution File, Format Version 12.00
# Visual Studio Version 17
VisualStudioVersion = 17.1.32210.238
MinimumVisualStudioVersion = 10.0.40219.1
Project("{FAE04EC0-301F-11D3-BF4B-00C04F79EFBC}") = "Kalkulator", "Kalkulator\Kalkulator.csproj", "{1A2C7F11-FF7D-44A5-9710-3599ADAFE56E}"
EndProject
Global
	GlobalSection(SolutionConfigurationPlatforms) = preSolution
		Debug|Any CPU = Debug|Any CPU
		Release|Any CPU = Release|Any CPU
	EndGlobalSection
	GlobalSection(ProjectConfigurationPlatforms) = postSolution
		{1A2C7F11-FF7D-44A5-9710-3599ADAFE56E}.Debug|Any CPU.ActiveCfg = Debug|Any CPU
		{1A2C7F11-FF7D-44A5-9710-3599ADAFE56E}.Debug|Any CPU.Build.0 = Debug|Any CPU
		{1A2C7F11-FF7D-44A5-9710-3599ADAFE56E}.Release|Any CPU.ActiveCfg = Release|Any CPU
		{1A2C7F11-FF7D-44A5-9710-3599ADAFE56E}.Release|Any CPU.Build.0 = Release|Any CPU
	EndGlobalSection
	GlobalSection(SolutionProperties) = preSolution
		HideSolutionNode = FALSE
	EndGlobalSection
	GlobalSection(ExtensibilityGlobals) = postSolution
		SolutionGuid = {FC3FBE10-C11F-471E-A586-CCD35002ABD4}
	EndGlobalSection
EndGlobal
